{
  "name": "10_modules",
  "lockfileVersion": 2,
  "requires": true,
  "packages": {
    "": {
      "dependencies": {
        "date-names": "^0.1.13",
        "dijkstrajs": "^1.0.2",
        "ordinal": "^1.0.3"
      }
    },
    "node_modules/date-names": {
      "version": "0.1.13",
      "resolved": "https://registry.npmjs.org/date-names/-/date-names-0.1.13.tgz",
      "integrity": "sha512-IxxoeD9tdx8pXVcmqaRlPvrXIsSrSrIZzfzlOkm9u+hyzKp5Wk/odt9O/gd7Ockzy8n/WHeEpTVJ2bF3mMV4LA=="
    },
    "node_modules/dijkstrajs": {
      "version": "1.0.2",
      "resolved": "https://registry.npmjs.org/dijkstrajs/-/dijkstrajs-1.0.2.tgz",
      "integrity": "sha512-QV6PMaHTCNmKSeP6QoXhVTw9snc9VD8MulTT0Bd99Pacp4SS1cjcrYPgBPmibqKVtMJJfqC6XvOXgPMEEPH/fg=="
    },
    "node_modules/ordinal": {
      "version": "1.0.3",
      "resolved": "https://registry.npmjs.org/ordinal/-/ordinal-1.0.3.tgz",
      "integrity": "sha512-cMddMgb2QElm8G7vdaa02jhUNbTSrhsgAGUz1OokD83uJTwSUn+nKoNoKVVaRa08yF6sgfO7Maou1+bgLd9rdQ=="
    }
  },
  "dependencies": {
    "date-names": {
      "version": "0.1.13",
      "resolved": "https://registry.npmjs.org/date-names/-/date-names-0.1.13.tgz",
      "integrity": "sha512-IxxoeD9tdx8pXVcmqaRlPvrXIsSrSrIZzfzlOkm9u+hyzKp5Wk/odt9O/gd7Ockzy8n/WHeEpTVJ2bF3mMV4LA=="
    },
    "dijkstrajs": {
      "version": "1.0.2",
      "resolved": "https://registry.npmjs.org/dijkstrajs/-/dijkstrajs-1.0.2.tgz",
      "integrity": "sha512-QV6PMaHTCNmKSeP6QoXhVTw9snc9VD8MulTT0Bd99Pacp4SS1cjcrYPgBPmibqKVtMJJfqC6XvOXgPMEEPH/fg=="
    },
    "ordinal": {
      "version": "1.0.3",
      "resolved": "https://registry.npmjs.org/ordinal/-/ordinal-1.0.3.tgz",
      "integrity": "sha512-cMddMgb2QElm8G7vdaa02jhUNbTSrhsgAGUz1OokD83uJTwSUn+nKoNoKVVaRa08yF6sgfO7Maou1+bgLd9rdQ=="
    }
  }
}
